// !$*UTF8*$!
{
	archiveVersion = 1;
	classes = {
	};
	objectVersion = 52;
	objects = {

/* Begin PBXBuildFile section */
		3C77F43924257A34009DAA56 /* AppDelegate.swift in Sources */ = {isa = PBXBuildFile; fileRef = 3C77F43824257A34009DAA56 /* AppDelegate.swift */; };
		3C77F43B24257A34009DAA56 /* SceneDelegate.swift in Sources */ = {isa = PBXBuildFile; fileRef = 3C77F43A24257A34009DAA56 /* SceneDelegate.swift */; };
		3C77F43D24257A34009DAA56 /* ViewController.swift in Sources */ = {isa = PBXBuildFile; fileRef = 3C77F43C24257A34009DAA56 /* ViewController.swift */; };
		3C77F44024257A34009DAA56 /* Main.storyboard in Resources */ = {isa = PBXBuildFile; fileRef = 3C77F43E24257A34009DAA56 /* Main.storyboard */; };
		3C77F44224257A36009DAA56 /* Assets.xcassets in Resources */ = {isa = PBXBuildFile; fileRef = 3C77F44124257A36009DAA56 /* Assets.xcassets */; };
		3C77F44524257A36009DAA56 /* LaunchScreen.storyboard in Resources */ = {isa = PBXBuildFile; fileRef = 3C77F44324257A36009DAA56 /* LaunchScreen.storyboard */; };
		3C77F45024257A36009DAA56 /* spaceXLaunchesTests.swift in Sources */ = {isa = PBXBuildFile; fileRef = 3C77F44F24257A36009DAA56 /* spaceXLaunchesTests.swift */; };
		3C77F45B24257A36009DAA56 /* spaceXLaunchesUITests.swift in Sources */ = {isa = PBXBuildFile; fileRef = 3C77F45A24257A36009DAA56 /* spaceXLaunchesUITests.swift */; };
		3C77F46A24257A82009DAA56 /* ApolloSQLite in Frameworks */ = {isa = PBXBuildFile; productRef = 3C77F46924257A82009DAA56 /* ApolloSQLite */; };
		3C77F46C24257A82009DAA56 /* ApolloWebSocket in Frameworks */ = {isa = PBXBuildFile; productRef = 3C77F46B24257A82009DAA56 /* ApolloWebSocket */; };
		3C77F46E24257A82009DAA56 /* Apollo in Frameworks */ = {isa = PBXBuildFile; productRef = 3C77F46D24257A82009DAA56 /* Apollo */; };
		3C77F47024257A82009DAA56 /* ApolloCodegenLib in Frameworks */ = {isa = PBXBuildFile; productRef = 3C77F46F24257A82009DAA56 /* ApolloCodegenLib */; };
		3C77F47424257E4A009DAA56 /* LaunchList.graphql in Resources */ = {isa = PBXBuildFile; fileRef = 3C77F47324257E4A009DAA56 /* LaunchList.graphql */; };
		3C77F47624257EE8009DAA56 /* API.swift in Sources */ = {isa = PBXBuildFile; fileRef = 3C77F47524257EE8009DAA56 /* API.swift */; };
		3C77F47824257F60009DAA56 /* Network.swift in Sources */ = {isa = PBXBuildFile; fileRef = 3C77F47724257F60009DAA56 /* Network.swift */; };
		3C77F4BA2429269C009DAA56 /* LaunchTableViewCell.swift in Sources */ = {isa = PBXBuildFile; fileRef = 3C77F4B92429269C009DAA56 /* LaunchTableViewCell.swift */; };
		3C9BA06F242A8C8F0025DD0F /* LaunchModel.swift in Sources */ = {isa = PBXBuildFile; fileRef = 3C9BA06E242A8C8F0025DD0F /* LaunchModel.swift */; };
/* End PBXBuildFile section */

/* Begin PBXContainerItemProxy section */
		3C77F44C24257A36009DAA56 /* PBXContainerItemProxy */ = {
			isa = PBXContainerItemProxy;
			containerPortal = 3C77F42D24257A34009DAA56 /* Project object */;
			proxyType = 1;
			remoteGlobalIDString = 3C77F43424257A34009DAA56;
			remoteInfo = spaceXLaunches;
		};
		3C77F45724257A36009DAA56 /* PBXContainerItemProxy */ = {
			isa = PBXContainerItemProxy;
			containerPortal = 3C77F42D24257A34009DAA56 /* Project object */;
			proxyType = 1;
			remoteGlobalIDString = 3C77F43424257A34009DAA56;
			remoteInfo = spaceXLaunches;
		};
/* End PBXContainerItemProxy section */

/* Begin PBXFileReference section */
		3C77F43524257A34009DAA56 /* spaceXLaunches.app */ = {isa = PBXFileReference; explicitFileType = wrapper.application; includeInIndex = 0; path = spaceXLaunches.app; sourceTree = BUILT_PRODUCTS_DIR; };
		3C77F43824257A34009DAA56 /* AppDelegate.swift */ = {isa = PBXFileReference; lastKnownFileType = sourcecode.swift; path = AppDelegate.swift; sourceTree = "<group>"; };
		3C77F43A24257A34009DAA56 /* SceneDelegate.swift */ = {isa = PBXFileReference; lastKnownFileType = sourcecode.swift; path = SceneDelegate.swift; sourceTree = "<group>"; };
		3C77F43C24257A34009DAA56 /* ViewController.swift */ = {isa = PBXFileReference; lastKnownFileType = sourcecode.swift; path = ViewController.swift; sourceTree = "<group>"; };
		3C77F43F24257A34009DAA56 /* Base */ = {isa = PBXFileReference; lastKnownFileType = file.storyboard; name = Base; path = Base.lproj/Main.storyboard; sourceTree = "<group>"; };
		3C77F44124257A36009DAA56 /* Assets.xcassets */ = {isa = PBXFileReference; lastKnownFileType = folder.assetcatalog; path = Assets.xcassets; sourceTree = "<group>"; };
		3C77F44424257A36009DAA56 /* Base */ = {isa = PBXFileReference; lastKnownFileType = file.storyboard; name = Base; path = Base.lproj/LaunchScreen.storyboard; sourceTree = "<group>"; };
		3C77F44624257A36009DAA56 /* Info.plist */ = {isa = PBXFileReference; lastKnownFileType = text.plist.xml; path = Info.plist; sourceTree = "<group>"; };
		3C77F44B24257A36009DAA56 /* spaceXLaunchesTests.xctest */ = {isa = PBXFileReference; explicitFileType = wrapper.cfbundle; includeInIndex = 0; path = spaceXLaunchesTests.xctest; sourceTree = BUILT_PRODUCTS_DIR; };
		3C77F44F24257A36009DAA56 /* spaceXLaunchesTests.swift */ = {isa = PBXFileReference; lastKnownFileType = sourcecode.swift; path = spaceXLaunchesTests.swift; sourceTree = "<group>"; };
		3C77F45124257A36009DAA56 /* Info.plist */ = {isa = PBXFileReference; lastKnownFileType = text.plist.xml; path = Info.plist; sourceTree = "<group>"; };
		3C77F45624257A36009DAA56 /* spaceXLaunchesUITests.xctest */ = {isa = PBXFileReference; explicitFileType = wrapper.cfbundle; includeInIndex = 0; path = spaceXLaunchesUITests.xctest; sourceTree = BUILT_PRODUCTS_DIR; };
		3C77F45A24257A36009DAA56 /* spaceXLaunchesUITests.swift */ = {isa = PBXFileReference; lastKnownFileType = sourcecode.swift; path = spaceXLaunchesUITests.swift; sourceTree = "<group>"; };
		3C77F45C24257A36009DAA56 /* Info.plist */ = {isa = PBXFileReference; lastKnownFileType = text.plist.xml; path = Info.plist; sourceTree = "<group>"; };
		3C77F47224257BF9009DAA56 /* schema.json */ = {isa = PBXFileReference; lastKnownFileType = text.json; path = schema.json; sourceTree = "<group>"; };
		3C77F47324257E4A009DAA56 /* LaunchList.graphql */ = {isa = PBXFileReference; lastKnownFileType = text; path = LaunchList.graphql; sourceTree = "<group>"; };
		3C77F47524257EE8009DAA56 /* API.swift */ = {isa = PBXFileReference; fileEncoding = 4; lastKnownFileType = sourcecode.swift; path = API.swift; sourceTree = "<group>"; };
		3C77F47724257F60009DAA56 /* Network.swift */ = {isa = PBXFileReference; lastKnownFileType = sourcecode.swift; path = Network.swift; sourceTree = "<group>"; };
		3C77F4B92429269C009DAA56 /* LaunchTableViewCell.swift */ = {isa = PBXFileReference; lastKnownFileType = sourcecode.swift; path = LaunchTableViewCell.swift; sourceTree = "<group>"; };
		3C9BA06E242A8C8F0025DD0F /* LaunchModel.swift */ = {isa = PBXFileReference; lastKnownFileType = sourcecode.swift; path = LaunchModel.swift; sourceTree = "<group>"; };
/* End PBXFileReference section */

/* Begin PBXFrameworksBuildPhase section */
		3C77F43224257A34009DAA56 /* Frameworks */ = {
			isa = PBXFrameworksBuildPhase;
			buildActionMask = 2147483647;
			files = (
				3C77F46A24257A82009DAA56 /* ApolloSQLite in Frameworks */,
				3C77F46E24257A82009DAA56 /* Apollo in Frameworks */,
				3C77F46C24257A82009DAA56 /* ApolloWebSocket in Frameworks */,
				3C77F47024257A82009DAA56 /* ApolloCodegenLib in Frameworks */,
			);
			runOnlyForDeploymentPostprocessing = 0;
		};
		3C77F44824257A36009DAA56 /* Frameworks */ = {
			isa = PBXFrameworksBuildPhase;
			buildActionMask = 2147483647;
			files = (
			);
			runOnlyForDeploymentPostprocessing = 0;
		};
		3C77F45324257A36009DAA56 /* Frameworks */ = {
			isa = PBXFrameworksBuildPhase;
			buildActionMask = 2147483647;
			files = (
			);
			runOnlyForDeploymentPostprocessing = 0;
		};
/* End PBXFrameworksBuildPhase section */

/* Begin PBXGroup section */
		3C77F42C24257A34009DAA56 = {
			isa = PBXGroup;
			children = (
				3C77F43724257A34009DAA56 /* spaceXLaunches */,
				3C77F44E24257A36009DAA56 /* spaceXLaunchesTests */,
				3C77F45924257A36009DAA56 /* spaceXLaunchesUITests */,
				3C77F43624257A34009DAA56 /* Products */,
			);
			sourceTree = "<group>";
		};
		3C77F43624257A34009DAA56 /* Products */ = {
			isa = PBXGroup;
			children = (
				3C77F43524257A34009DAA56 /* spaceXLaunches.app */,
				3C77F44B24257A36009DAA56 /* spaceXLaunchesTests.xctest */,
				3C77F45624257A36009DAA56 /* spaceXLaunchesUITests.xctest */,
			);
			name = Products;
			sourceTree = "<group>";
		};
		3C77F43724257A34009DAA56 /* spaceXLaunches */ = {
			isa = PBXGroup;
			children = (
				3C77F43824257A34009DAA56 /* AppDelegate.swift */,
				3C77F43A24257A34009DAA56 /* SceneDelegate.swift */,
				3C77F43C24257A34009DAA56 /* ViewController.swift */,
				3C77F4B92429269C009DAA56 /* LaunchTableViewCell.swift */,
				3C9BA06E242A8C8F0025DD0F /* LaunchModel.swift */,
				3C77F43E24257A34009DAA56 /* Main.storyboard */,
				3C77F44124257A36009DAA56 /* Assets.xcassets */,
				3C77F44324257A36009DAA56 /* LaunchScreen.storyboard */,
				3C77F47524257EE8009DAA56 /* API.swift */,
				3C77F47224257BF9009DAA56 /* schema.json */,
				3C77F47324257E4A009DAA56 /* LaunchList.graphql */,
				3C77F47724257F60009DAA56 /* Network.swift */,
				3C77F44624257A36009DAA56 /* Info.plist */,
			);
			path = spaceXLaunches;
			sourceTree = "<group>";
		};
		3C77F44E24257A36009DAA56 /* spaceXLaunchesTests */ = {
			isa = PBXGroup;
			children = (
				3C77F44F24257A36009DAA56 /* spaceXLaunchesTests.swift */,
				3C77F45124257A36009DAA56 /* Info.plist */,
			);
			path = spaceXLaunchesTests;
			sourceTree = "<group>";
		};
		3C77F45924257A36009DAA56 /* spaceXLaunchesUITests */ = {
			isa = PBXGroup;
			children = (
				3C77F45A24257A36009DAA56 /* spaceXLaunchesUITests.swift */,
				3C77F45C24257A36009DAA56 /* Info.plist */,
			);
			path = spaceXLaunchesUITests;
			sourceTree = "<group>";
		};
/* End PBXGroup section */

/* Begin PBXNativeTarget section */
		3C77F43424257A34009DAA56 /* spaceXLaunches */ = {
			isa = PBXNativeTarget;
			buildConfigurationList = 3C77F45F24257A36009DAA56 /* Build configuration list for PBXNativeTarget "spaceXLaunches" */;
			buildPhases = (
				3C77F47124257ABE009DAA56 /* Apollo CLI */,
				3C77F43124257A34009DAA56 /* Sources */,
				3C77F43224257A34009DAA56 /* Frameworks */,
				3C77F43324257A34009DAA56 /* Resources */,
			);
			buildRules = (
			);
			dependencies = (
			);
			name = spaceXLaunches;
			packageProductDependencies = (
				3C77F46924257A82009DAA56 /* ApolloSQLite */,
				3C77F46B24257A82009DAA56 /* ApolloWebSocket */,
				3C77F46D24257A82009DAA56 /* Apollo */,
				3C77F46F24257A82009DAA56 /* ApolloCodegenLib */,
			);
			productName = spaceXLaunches;
			productReference = 3C77F43524257A34009DAA56 /* spaceXLaunches.app */;
			productType = "com.apple.product-type.application";
		};
		3C77F44A24257A36009DAA56 /* spaceXLaunchesTests */ = {
			isa = PBXNativeTarget;
			buildConfigurationList = 3C77F46224257A36009DAA56 /* Build configuration list for PBXNativeTarget "spaceXLaunchesTests" */;
			buildPhases = (
				3C77F44724257A36009DAA56 /* Sources */,
				3C77F44824257A36009DAA56 /* Frameworks */,
				3C77F44924257A36009DAA56 /* Resources */,
			);
			buildRules = (
			);
			dependencies = (
				3C77F44D24257A36009DAA56 /* PBXTargetDependency */,
			);
			name = spaceXLaunchesTests;
			productName = spaceXLaunchesTests;
			productReference = 3C77F44B24257A36009DAA56 /* spaceXLaunchesTests.xctest */;
			productType = "com.apple.product-type.bundle.unit-test";
		};
		3C77F45524257A36009DAA56 /* spaceXLaunchesUITests */ = {
			isa = PBXNativeTarget;
			buildConfigurationList = 3C77F46524257A36009DAA56 /* Build configuration list for PBXNativeTarget "spaceXLaunchesUITests" */;
			buildPhases = (
				3C77F45224257A36009DAA56 /* Sources */,
				3C77F45324257A36009DAA56 /* Frameworks */,
				3C77F45424257A36009DAA56 /* Resources */,
			);
			buildRules = (
			);
			dependencies = (
				3C77F45824257A36009DAA56 /* PBXTargetDependency */,
			);
			name = spaceXLaunchesUITests;
			productName = spaceXLaunchesUITests;
			productReference = 3C77F45624257A36009DAA56 /* spaceXLaunchesUITests.xctest */;
			productType = "com.apple.product-type.bundle.ui-testing";
		};
/* End PBXNativeTarget section */

/* Begin PBXProject section */
		3C77F42D24257A34009DAA56 /* Project object */ = {
			isa = PBXProject;
			attributes = {
				LastSwiftUpdateCheck = 1130;
				LastUpgradeCheck = 1130;
				ORGANIZATIONNAME = Manson;
				TargetAttributes = {
					3C77F43424257A34009DAA56 = {
						CreatedOnToolsVersion = 11.3.1;
					};
					3C77F44A24257A36009DAA56 = {
						CreatedOnToolsVersion = 11.3.1;
						TestTargetID = 3C77F43424257A34009DAA56;
					};
					3C77F45524257A36009DAA56 = {
						CreatedOnToolsVersion = 11.3.1;
						TestTargetID = 3C77F43424257A34009DAA56;
					};
				};
			};
			buildConfigurationList = 3C77F43024257A34009DAA56 /* Build configuration list for PBXProject "spaceXLaunches" */;
			compatibilityVersion = "Xcode 9.3";
			developmentRegion = en;
			hasScannedForEncodings = 0;
			knownRegions = (
				en,
				Base,
			);
			mainGroup = 3C77F42C24257A34009DAA56;
			packageReferences = (
				3C77F46824257A82009DAA56 /* XCRemoteSwiftPackageReference "apollo-ios" */,
			);
			productRefGroup = 3C77F43624257A34009DAA56 /* Products */;
			projectDirPath = "";
			projectRoot = "";
			targets = (
				3C77F43424257A34009DAA56 /* spaceXLaunches */,
				3C77F44A24257A36009DAA56 /* spaceXLaunchesTests */,
				3C77F45524257A36009DAA56 /* spaceXLaunchesUITests */,
			);
		};
/* End PBXProject section */

/* Begin PBXResourcesBuildPhase section */
		3C77F43324257A34009DAA56 /* Resources */ = {
			isa = PBXResourcesBuildPhase;
			buildActionMask = 2147483647;
			files = (
				3C77F44524257A36009DAA56 /* LaunchScreen.storyboard in Resources */,
				3C77F44224257A36009DAA56 /* Assets.xcassets in Resources */,
				3C77F47424257E4A009DAA56 /* LaunchList.graphql in Resources */,
				3C77F44024257A34009DAA56 /* Main.storyboard in Resources */,
			);
			runOnlyForDeploymentPostprocessing = 0;
		};
		3C77F44924257A36009DAA56 /* Resources */ = {
			isa = PBXResourcesBuildPhase;
			buildActionMask = 2147483647;
			files = (
			);
			runOnlyForDeploymentPostprocessing = 0;
		};
		3C77F45424257A36009DAA56 /* Resources */ = {
			isa = PBXResourcesBuildPhase;
			buildActionMask = 2147483647;
			files = (
			);
			runOnlyForDeploymentPostprocessing = 0;
		};
/* End PBXResourcesBuildPhase section */

/* Begin PBXShellScriptBuildPhase section */
		3C77F47124257ABE009DAA56 /* Apollo CLI */ = {
			isa = PBXShellScriptBuildPhase;
			buildActionMask = 2147483647;
			files = (
			);
			inputFileListPaths = (
			);
			inputPaths = (
			);
			name = "Apollo CLI";
			outputFileListPaths = (
			);
			outputPaths = (
			);
			runOnlyForDeploymentPostprocessing = 0;
			shellPath = /bin/sh;
			shellScript = "# Go to the build root and search up the chain to find the Derived Data Path where the source packages are checked out.\nDERIVED_DATA_CANDIDATE=\"${BUILD_ROOT}\"\n\nwhile ! [ -d \"${DERIVED_DATA_CANDIDATE}/SourcePackages\" ]; do\n  if [ \"${DERIVED_DATA_CANDIDATE}\" = / ]; then\n    echo >&2 \"error: Unable to locate SourcePackages directory from BUILD_ROOT: '${BUILD_ROOT}'\"\n    exit 1\n  fi\n\n  DERIVED_DATA_CANDIDATE=\"$(dirname \"${DERIVED_DATA_CANDIDATE}\")\"\ndone\n\n# Grab a reference to the directory where scripts are checked out\nSCRIPT_PATH=\"${DERIVED_DATA_CANDIDATE}/SourcePackages/checkouts/apollo-ios/scripts\"\n\nif [ -z \"${SCRIPT_PATH}\" ]; then\n    echo >&2 \"error: Couldn't find the CLI script in your checked out SPM packages; make sure to add the framework to your project.\"\n    exit 1\nfi\n\ncd \"${SRCROOT}/${TARGET_NAME}\"\n# This command creates the API.swift file\n\"${SCRIPT_PATH}\"/run-bundled-codegen.sh codegen:generate --target=swift --includes=./**/*.graphql --localSchemaFile=\"schema.json\" API.swift\n# This is used to download the schema\n# \"${SCRIPT_PATH}\"/run-bundled-codegen.sh schema:download --endpoint=\"https://api.spacex.land/graphql/\"\n";
		};
/* End PBXShellScriptBuildPhase section */

/* Begin PBXSourcesBuildPhase section */
		3C77F43124257A34009DAA56 /* Sources */ = {
			isa = PBXSourcesBuildPhase;
			buildActionMask = 2147483647;
			files = (
				3C77F47824257F60009DAA56 /* Network.swift in Sources */,
				3C77F43D24257A34009DAA56 /* ViewController.swift in Sources */,
				3C9BA06F242A8C8F0025DD0F /* LaunchModel.swift in Sources */,
				3C77F43924257A34009DAA56 /* AppDelegate.swift in Sources */,
				3C77F47624257EE8009DAA56 /* API.swift in Sources */,
				3C77F4BA2429269C009DAA56 /* LaunchTableViewCell.swift in Sources */,
				3C77F43B24257A34009DAA56 /* SceneDelegate.swift in Sources */,
			);
			runOnlyForDeploymentPostprocessing = 0;
		};
		3C77F44724257A36009DAA56 /* Sources */ = {
			isa = PBXSourcesBuildPhase;
			buildActionMask = 2147483647;
			files = (
				3C77F45024257A36009DAA56 /* spaceXLaunchesTests.swift in Sources */,
			);
			runOnlyForDeploymentPostprocessing = 0;
		};
		3C77F45224257A36009DAA56 /* Sources */ = {
			isa = PBXSourcesBuildPhase;
			buildActionMask = 2147483647;
			files = (
				3C77F45B24257A36009DAA56 /* spaceXLaunchesUITests.swift in Sources */,
			);
			runOnlyForDeploymentPostprocessing = 0;
		};
/* End PBXSourcesBuildPhase section */

/* Begin PBXTargetDependency section */
		3C77F44D24257A36009DAA56 /* PBXTargetDependency */ = {
			isa = PBXTargetDependency;
			target = 3C77F43424257A34009DAA56 /* spaceXLaunches */;
			targetProxy = 3C77F44C24257A36009DAA56 /* PBXContainerItemProxy */;
		};
		3C77F45824257A36009DAA56 /* PBXTargetDependency */ = {
			isa = PBXTargetDependency;
			target = 3C77F43424257A34009DAA56 /* spaceXLaunches */;
			targetProxy = 3C77F45724257A36009DAA56 /* PBXContainerItemProxy */;
		};
/* End PBXTargetDependency section */

/* Begin PBXVariantGroup section */
		3C77F43E24257A34009DAA56 /* Main.storyboard */ = {
			isa = PBXVariantGroup;
			children = (
				3C77F43F24257A34009DAA56 /* Base */,
			);
			name = Main.storyboard;
			sourceTree = "<group>";
		};
		3C77F44324257A36009DAA56 /* LaunchScreen.storyboard */ = {
			isa = PBXVariantGroup;
			children = (
				3C77F44424257A36009DAA56 /* Base */,
			);
			name = LaunchScreen.storyboard;
			sourceTree = "<group>";
		};
/* End PBXVariantGroup section */

/* Begin XCBuildConfiguration section */
		3C77F45D24257A36009DAA56 /* Debug */ = {
			isa = XCBuildConfiguration;
			buildSettings = {
				ALWAYS_SEARCH_USER_PATHS = NO;
				CLANG_ANALYZER_NONNULL = YES;
				CLANG_ANALYZER_NUMBER_OBJECT_CONVERSION = YES_AGGRESSIVE;
				CLANG_CXX_LANGUAGE_STANDARD = "gnu++14";
				CLANG_CXX_LIBRARY = "libc++";
				CLANG_ENABLE_MODULES = YES;
				CLANG_ENABLE_OBJC_ARC = YES;
				CLANG_ENABLE_OBJC_WEAK = YES;
				CLANG_WARN_BLOCK_CAPTURE_AUTORELEASING = YES;
				CLANG_WARN_BOOL_CONVERSION = YES;
				CLANG_WARN_COMMA = YES;
				CLANG_WARN_CONSTANT_CONVERSION = YES;
				CLANG_WARN_DEPRECATED_OBJC_IMPLEMENTATIONS = YES;
				CLANG_WARN_DIRECT_OBJC_ISA_USAGE = YES_ERROR;
				CLANG_WARN_DOCUMENTATION_COMMENTS = YES;
				CLANG_WARN_EMPTY_BODY = YES;
				CLANG_WARN_ENUM_CONVERSION = YES;
				CLANG_WARN_INFINITE_RECURSION = YES;
				CLANG_WARN_INT_CONVERSION = YES;
				CLANG_WARN_NON_LITERAL_NULL_CONVERSION = YES;
				CLANG_WARN_OBJC_IMPLICIT_RETAIN_SELF = YES;
				CLANG_WARN_OBJC_LITERAL_CONVERSION = YES;
				CLANG_WARN_OBJC_ROOT_CLASS = YES_ERROR;
				CLANG_WARN_RANGE_LOOP_ANALYSIS = YES;
				CLANG_WARN_STRICT_PROTOTYPES = YES;
				CLANG_WARN_SUSPICIOUS_MOVE = YES;
				CLANG_WARN_UNGUARDED_AVAILABILITY = YES_AGGRESSIVE;
				CLANG_WARN_UNREACHABLE_CODE = YES;
				CLANG_WARN__DUPLICATE_METHOD_MATCH = YES;
				COPY_PHASE_STRIP = NO;
				DEBUG_INFORMATION_FORMAT = dwarf;
				ENABLE_STRICT_OBJC_MSGSEND = YES;
				ENABLE_TESTABILITY = YES;
				GCC_C_LANGUAGE_STANDARD = gnu11;
				GCC_DYNAMIC_NO_PIC = NO;
				GCC_NO_COMMON_BLOCKS = YES;
				GCC_OPTIMIZATION_LEVEL = 0;
				GCC_PREPROCESSOR_DEFINITIONS = (
					"DEBUG=1",
					"$(inherited)",
				);
				GCC_WARN_64_TO_32_BIT_CONVERSION = YES;
				GCC_WARN_ABOUT_RETURN_TYPE = YES_ERROR;
				GCC_WARN_UNDECLARED_SELECTOR = YES;
				GCC_WARN_UNINITIALIZED_AUTOS = YES_AGGRESSIVE;
				GCC_WARN_UNUSED_FUNCTION = YES;
				GCC_WARN_UNUSED_VARIABLE = YES;
				IPHONEOS_DEPLOYMENT_TARGET = 13.2;
				MTL_ENABLE_DEBUG_INFO = INCLUDE_SOURCE;
				MTL_FAST_MATH = YES;
				ONLY_ACTIVE_ARCH = YES;
				SDKROOT = iphoneos;
				SWIFT_ACTIVE_COMPILATION_CONDITIONS = DEBUG;
				SWIFT_OPTIMIZATION_LEVEL = "-Onone";
			};
			name = Debug;
		};
		3C77F45E24257A36009DAA56 /* Release */ = {
			isa = XCBuildConfiguration;
			buildSettings = {
				ALWAYS_SEARCH_USER_PATHS = NO;
				CLANG_ANALYZER_NONNULL = YES;
				CLANG_ANALYZER_NUMBER_OBJECT_CONVERSION = YES_AGGRESSIVE;
				CLANG_CXX_LANGUAGE_STANDARD = "gnu++14";
				CLANG_CXX_LIBRARY = "libc++";
				CLANG_ENABLE_MODULES = YES;
				CLANG_ENABLE_OBJC_ARC = YES;
				CLANG_ENABLE_OBJC_WEAK = YES;
				CLANG_WARN_BLOCK_CAPTURE_AUTORELEASING = YES;
				CLANG_WARN_BOOL_CONVERSION = YES;
				CLANG_WARN_COMMA = YES;
				CLANG_WARN_CONSTANT_CONVERSION = YES;
				CLANG_WARN_DEPRECATED_OBJC_IMPLEMENTATIONS = YES;
				CLANG_WARN_DIRECT_OBJC_ISA_USAGE = YES_ERROR;
				CLANG_WARN_DOCUMENTATION_COMMENTS = YES;
				CLANG_WARN_EMPTY_BODY = YES;
				CLANG_WARN_ENUM_CONVERSION = YES;
				CLANG_WARN_INFINITE_RECURSION = YES;
				CLANG_WARN_INT_CONVERSION = YES;
				CLANG_WARN_NON_LITERAL_NULL_CONVERSION = YES;
				CLANG_WARN_OBJC_IMPLICIT_RETAIN_SELF = YES;
				CLANG_WARN_OBJC_LITERAL_CONVERSION = YES;
				CLANG_WARN_OBJC_ROOT_CLASS = YES_ERROR;
				CLANG_WARN_RANGE_LOOP_ANALYSIS = YES;
				CLANG_WARN_STRICT_PROTOTYPES = YES;
				CLANG_WARN_SUSPICIOUS_MOVE = YES;
				CLANG_WARN_UNGUARDED_AVAILABILITY = YES_AGGRESSIVE;
				CLANG_WARN_UNREACHABLE_CODE = YES;
				CLANG_WARN__DUPLICATE_METHOD_MATCH = YES;
				COPY_PHASE_STRIP = NO;
				DEBUG_INFORMATION_FORMAT = "dwarf-with-dsym";
				ENABLE_NS_ASSERTIONS = NO;
				ENABLE_STRICT_OBJC_MSGSEND = YES;
				GCC_C_LANGUAGE_STANDARD = gnu11;
				GCC_NO_COMMON_BLOCKS = YES;
				GCC_WARN_64_TO_32_BIT_CONVERSION = YES;
				GCC_WARN_ABOUT_RETURN_TYPE = YES_ERROR;
				GCC_WARN_UNDECLARED_SELECTOR = YES;
				GCC_WARN_UNINITIALIZED_AUTOS = YES_AGGRESSIVE;
				GCC_WARN_UNUSED_FUNCTION = YES;
				GCC_WARN_UNUSED_VARIABLE = YES;
				IPHONEOS_DEPLOYMENT_TARGET = 13.2;
				MTL_ENABLE_DEBUG_INFO = NO;
				MTL_FAST_MATH = YES;
				SDKROOT = iphoneos;
				SWIFT_COMPILATION_MODE = wholemodule;
				SWIFT_OPTIMIZATION_LEVEL = "-O";
				VALIDATE_PRODUCT = YES;
			};
			name = Release;
		};
		3C77F46024257A36009DAA56 /* Debug */ = {
			isa = XCBuildConfiguration;
			buildSettings = {
				ASSETCATALOG_COMPILER_APPICON_NAME = AppIcon;
				CODE_SIGN_STYLE = Automatic;
				DEVELOPMENT_TEAM = B23MDM8ZJF;
				INFOPLIST_FILE = spaceXLaunches/Info.plist;
				LD_RUNPATH_SEARCH_PATHS = (
					"$(inherited)",
					"@executable_path/Frameworks",
				);
				PRODUCT_BUNDLE_IDENTIFIER = "com.manson.project-v1.spaceXLaunches";
				PRODUCT_NAME = "$(TARGET_NAME)";
				SWIFT_VERSION = 5.0;
				TARGETED_DEVICE_FAMILY = "1,2";
			};
			name = Debug;
		};
		3C77F46124257A36009DAA56 /* Release */ = {
			isa = XCBuildConfiguration;
			buildSettings = {
				ASSETCATALOG_COMPILER_APPICON_NAME = AppIcon;
				CODE_SIGN_STYLE = Automatic;
				DEVELOPMENT_TEAM = B23MDM8ZJF;
				INFOPLIST_FILE = spaceXLaunches/Info.plist;
				LD_RUNPATH_SEARCH_PATHS = (
					"$(inherited)",
					"@executable_path/Frameworks",
				);
				PRODUCT_BUNDLE_IDENTIFIER = "com.manson.project-v1.spaceXLaunches";
				PRODUCT_NAME = "$(TARGET_NAME)";
				SWIFT_VERSION = 5.0;
				TARGETED_DEVICE_FAMILY = "1,2";
			};
			name = Release;
		};
		3C77F46324257A36009DAA56 /* Debug */ = {
			isa = XCBuildConfiguration;
			buildSettings = {
				ALWAYS_EMBED_SWIFT_STANDARD_LIBRARIES = YES;
				BUNDLE_LOADER = "$(TEST_HOST)";
				CODE_SIGN_STYLE = Automatic;
				DEVELOPMENT_TEAM = B23MDM8ZJF;
				INFOPLIST_FILE = spaceXLaunchesTests/Info.plist;
				IPHONEOS_DEPLOYMENT_TARGET = 13.2;
				LD_RUNPATH_SEARCH_PATHS = (
					"$(inherited)",
					"@executable_path/Frameworks",
					"@loader_path/Frameworks",
				);
				PRODUCT_BUNDLE_IDENTIFIER = "com.manson.project-v1.spaceXLaunchesTests";
				PRODUCT_NAME = "$(TARGET_NAME)";
				SWIFT_VERSION = 5.0;
				TARGETED_DEVICE_FAMILY = "1,2";
				TEST_HOST = "$(BUILT_PRODUCTS_DIR)/spaceXLaunches.app/spaceXLaunches";
			};
			name = Debug;
		};
		3C77F46424257A36009DAA56 /* Release */ = {
			isa = XCBuildConfiguration;
			buildSettings = {
				ALWAYS_EMBED_SWIFT_STANDARD_LIBRARIES = YES;
				BUNDLE_LOADER = "$(TEST_HOST)";
				CODE_SIGN_STYLE = Automatic;
				DEVELOPMENT_TEAM = B23MDM8ZJF;
				INFOPLIST_FILE = spaceXLaunchesTests/Info.plist;
				IPHONEOS_DEPLOYMENT_TARGET = 13.2;
				LD_RUNPATH_SEARCH_PATHS = (
					"$(inherited)",
					"@executable_path/Frameworks",
					"@loader_path/Frameworks",
				);
				PRODUCT_BUNDLE_IDENTIFIER = "com.manson.project-v1.spaceXLaunchesTests";
				PRODUCT_NAME = "$(TARGET_NAME)";
				SWIFT_VERSION = 5.0;
				TARGETED_DEVICE_FAMILY = "1,2";
				TEST_HOST = "$(BUILT_PRODUCTS_DIR)/spaceXLaunches.app/spaceXLaunches";
			};
			name = Release;
		};
		3C77F46624257A36009DAA56 /* Debug */ = {
			isa = XCBuildConfiguration;
			buildSettings = {
				ALWAYS_EMBED_SWIFT_STANDARD_LIBRARIES = YES;
				CODE_SIGN_STYLE = Automatic;
				DEVELOPMENT_TEAM = B23MDM8ZJF;
				INFOPLIST_FILE = spaceXLaunchesUITests/Info.plist;
				LD_RUNPATH_SEARCH_PATHS = (
					"$(inherited)",
					"@executable_path/Frameworks",
					"@loader_path/Frameworks",
				);
				PRODUCT_BUNDLE_IDENTIFIER = "com.manson.project-v1.spaceXLaunchesUITests";
				PRODUCT_NAME = "$(TARGET_NAME)";
				SWIFT_VERSION = 5.0;
				TARGETED_DEVICE_FAMILY = "1,2";
				TEST_TARGET_NAME = spaceXLaunches;
			};
			name = Debug;
		};
		3C77F46724257A36009DAA56 /* Release */ = {
			isa = XCBuildConfiguration;
			buildSettings = {
				ALWAYS_EMBED_SWIFT_STANDARD_LIBRARIES = YES;
				CODE_SIGN_STYLE = Automatic;
				DEVELOPMENT_TEAM = B23MDM8ZJF;
				INFOPLIST_FILE = spaceXLaunchesUITests/Info.plist;
				LD_RUNPATH_SEARCH_PATHS = (
					"$(inherited)",
					"@executable_path/Frameworks",
					"@loader_path/Frameworks",
				);
				PRODUCT_BUNDLE_IDENTIFIER = "com.manson.project-v1.spaceXLaunchesUITests";
				PRODUCT_NAME = "$(TARGET_NAME)";
				SWIFT_VERSION = 5.0;
				TARGETED_DEVICE_FAMILY = "1,2";
				TEST_TARGET_NAME = spaceXLaunches;
			};
			name = Release;
		};
/* End XCBuildConfiguration section */

/* Begin XCConfigurationList section */
		3C77F43024257A34009DAA56 /* Build configuration list for PBXProject "spaceXLaunches" */ = {
			isa = XCConfigurationList;
			buildConfigurations = (
				3C77F45D24257A36009DAA56 /* Debug */,
				3C77F45E24257A36009DAA56 /* Release */,
			);
			defaultConfigurationIsVisible = 0;
			defaultConfigurationName = Release;
		};
		3C77F45F24257A36009DAA56 /* Build configuration list for PBXNativeTarget "spaceXLaunches" */ = {
			isa = XCConfigurationList;
			buildConfigurations = (
				3C77F46024257A36009DAA56 /* Debug */,
				3C77F46124257A36009DAA56 /* Release */,
			);
			defaultConfigurationIsVisible = 0;
			defaultConfigurationName = Release;
		};
		3C77F46224257A36009DAA56 /* Build configuration list for PBXNativeTarget "spaceXLaunchesTests" */ = {
			isa = XCConfigurationList;
			buildConfigurations = (
				3C77F46324257A36009DAA56 /* Debug */,
				3C77F46424257A36009DAA56 /* Release */,
			);
			defaultConfigurationIsVisible = 0;
			defaultConfigurationName = Release;
		};
		3C77F46524257A36009DAA56 /* Build configuration list for PBXNativeTarget "spaceXLaunchesUITests" */ = {
			isa = XCConfigurationList;
			buildConfigurations = (
				3C77F46624257A36009DAA56 /* Debug */,
				3C77F46724257A36009DAA56 /* Release */,
			);
			defaultConfigurationIsVisible = 0;
			defaultConfigurationName = Release;
		};
/* End XCConfigurationList section */

/* Begin XCRemoteSwiftPackageReference section */
		3C77F46824257A82009DAA56 /* XCRemoteSwiftPackageReference "apollo-ios" */ = {
			isa = XCRemoteSwiftPackageReference;
			repositoryURL = "https://github.com/apollographql/apollo-ios.git";
			requirement = {
				kind = upToNextMajorVersion;
				minimumVersion = 0.24.0;
			};
		};
/* End XCRemoteSwiftPackageReference section */

/* Begin XCSwiftPackageProductDependency section */
		3C77F46924257A82009DAA56 /* ApolloSQLite */ = {
			isa = XCSwiftPackageProductDependency;
			package = 3C77F46824257A82009DAA56 /* XCRemoteSwiftPackageReference "apollo-ios" */;
			productName = ApolloSQLite;
		};
		3C77F46B24257A82009DAA56 /* ApolloWebSocket */ = {
			isa = XCSwiftPackageProductDependency;
			package = 3C77F46824257A82009DAA56 /* XCRemoteSwiftPackageReference "apollo-ios" */;
			productName = ApolloWebSocket;
		};
		3C77F46D24257A82009DAA56 /* Apollo */ = {
			isa = XCSwiftPackageProductDependency;
			package = 3C77F46824257A82009DAA56 /* XCRemoteSwiftPackageReference "apollo-ios" */;
			productName = Apollo;
		};
		3C77F46F24257A82009DAA56 /* ApolloCodegenLib */ = {
			isa = XCSwiftPackageProductDependency;
			package = 3C77F46824257A82009DAA56 /* XCRemoteSwiftPackageReference "apollo-ios" */;
			productName = ApolloCodegenLib;
		};
/* End XCSwiftPackageProductDependency section */
	};
	rootObject = 3C77F42D24257A34009DAA56 /* Project object */;
}
